
Microsoft Visual Studio Solution File, Format Version 12.00
# Visual Studio Version 16
VisualStudioVersion = 16.0.31112.23
MinimumVisualStudioVersion = 10.0.40219.1
Project("{FAE04EC0-301F-11D3-BF4B-00C04F79EFBC}") = "WebApplication12", "WebApplication12\WebApplication12.csproj", "{E22EB016-6DF0-467F-8DA9-FC4460D1DCB3}"
EndProject
Global
	GlobalSection(SolutionConfigurationPlatforms) = preSolution
		Debug|Any CPU = Debug|Any CPU
		Release|Any CPU = Release|Any CPU
	EndGlobalSection
	GlobalSection(ProjectConfigurationPlatforms) = postSolution
		{E22EB016-6DF0-467F-8DA9-FC4460D1DCB3}.Debug|Any CPU.ActiveCfg = Debug|Any CPU
		{E22EB016-6DF0-467F-8DA9-FC4460D1DCB3}.Debug|Any CPU.Build.0 = Debug|Any CPU
		{E22EB016-6DF0-467F-8DA9-FC4460D1DCB3}.Release|Any CPU.ActiveCfg = Release|Any CPU
		{E22EB016-6DF0-467F-8DA9-FC4460D1DCB3}.Release|Any CPU.Build.0 = Release|Any CPU
	EndGlobalSection
	GlobalSection(SolutionProperties) = preSolution
		HideSolutionNode = FALSE
	EndGlobalSection
	GlobalSection(ExtensibilityGlobals) = postSolution
		SolutionGuid = {94A88EA1-ED30-4489-B6D2-31369727BCAB}
	EndGlobalSection
EndGlobal
